
Microsoft Visual Studio Solution File, Format Version 12.00
# Visual Studio 15
VisualStudioVersion = 15.0.27130.2010
MinimumVisualStudioVersion = 10.0.40219.1
Project("{FAE04EC0-301F-11D3-BF4B-00C04F79EFBC}") = "EmptySitecoreProject", "EmptySitecoreProject\EmptySitecoreProject.csproj", "{B4060E88-9948-4161-B833-48410DA8780F}"
EndProject
Global
	GlobalSection(SolutionConfigurationPlatforms) = preSolution
		Debug|Any CPU = Debug|Any CPU
		Release|Any CPU = Release|Any CPU
	EndGlobalSection
	GlobalSection(ProjectConfigurationPlatforms) = postSolution
		{B4060E88-9948-4161-B833-48410DA8780F}.Debug|Any CPU.ActiveCfg = Debug|Any CPU
		{B4060E88-9948-4161-B833-48410DA8780F}.Debug|Any CPU.Build.0 = Debug|Any CPU
		{B4060E88-9948-4161-B833-48410DA8780F}.Release|Any CPU.ActiveCfg = Release|Any CPU
		{B4060E88-9948-4161-B833-48410DA8780F}.Release|Any CPU.Build.0 = Release|Any CPU
	EndGlobalSection
	GlobalSection(SolutionProperties) = preSolution
		HideSolutionNode = FALSE
	EndGlobalSection
	GlobalSection(ExtensibilityGlobals) = postSolution
		SolutionGuid = {80091DC0-AE51-4EA6-B32F-299903CE900D}
	EndGlobalSection
EndGlobal
